// !$*UTF8*$!
{
	archiveVersion = 1;
	classes = {
	};
	objectVersion = 56;
	objects = {

/* Begin PBXBuildFile section */
		0E69F7562CF4087B00252A27 /* Zine.swift in Sources */ = {isa = PBXBuildFile; fileRef = 0E69F7552CF4087B00252A27 /* Zine.swift */; };
		0E69F7582CF4093E00252A27 /* ZineService.swift in Sources */ = {isa = PBXBuildFile; fileRef = 0E69F7572CF4093E00252A27 /* ZineService.swift */; };
		0E69F75A2CF409BF00252A27 /* ZineListView.swift in Sources */ = {isa = PBXBuildFile; fileRef = 0E69F7592CF409BF00252A27 /* ZineListView.swift */; };
		0EA58C802CF4050F00063653 /* Tell_Me_A_StoryApp.swift in Sources */ = {isa = PBXBuildFile; fileRef = 0EA58C7F2CF4050F00063653 /* Tell_Me_A_StoryApp.swift */; };
		0EA58C822CF4050F00063653 /* ContentView.swift in Sources */ = {isa = PBXBuildFile; fileRef = 0EA58C812CF4050F00063653 /* ContentView.swift */; };
		0EA58C842CF4051600063653 /* Assets.xcassets in Resources */ = {isa = PBXBuildFile; fileRef = 0EA58C832CF4051600063653 /* Assets.xcassets */; };
		0EA58C872CF4051600063653 /* Preview Assets.xcassets in Resources */ = {isa = PBXBuildFile; fileRef = 0EA58C862CF4051600063653 /* Preview Assets.xcassets */; };
		0EAC36592CF42A0B004842B2 /* ZineDetailView.swift in Sources */ = {isa = PBXBuildFile; fileRef = 0EAC36582CF42A0B004842B2 /* ZineDetailView.swift */; };
		0EAC365B2CF42A83004842B2 /* ImageCache.swift in Sources */ = {isa = PBXBuildFile; fileRef = 0EAC365A2CF42A83004842B2 /* ImageCache.swift */; };
		0EAC365D2CF42AE6004842B2 /* ZineRowView.swift in Sources */ = {isa = PBXBuildFile; fileRef = 0EAC365C2CF42AE6004842B2 /* ZineRowView.swift */; };
		0EF5EDC52CF6ABB7006E1D10 /* FirebaseAnalytics in Frameworks */ = {isa = PBXBuildFile; productRef = 0EF5EDC42CF6ABB7006E1D10 /* FirebaseAnalytics */; };
		0EF5EDC72CF6ABB7006E1D10 /* FirebaseAuth in Frameworks */ = {isa = PBXBuildFile; productRef = 0EF5EDC62CF6ABB7006E1D10 /* FirebaseAuth */; };
		0EF5EDC92CF6ABB7006E1D10 /* FirebaseCore in Frameworks */ = {isa = PBXBuildFile; productRef = 0EF5EDC82CF6ABB7006E1D10 /* FirebaseCore */; };
		0EF5EDCB2CF6ABB7006E1D10 /* FirebaseCrashlytics in Frameworks */ = {isa = PBXBuildFile; productRef = 0EF5EDCA2CF6ABB7006E1D10 /* FirebaseCrashlytics */; };
		0EF5EDCD2CF6ABB7006E1D10 /* FirebaseFirestore in Frameworks */ = {isa = PBXBuildFile; productRef = 0EF5EDCC2CF6ABB7006E1D10 /* FirebaseFirestore */; };
		0EF5EDCF2CF6AC58006E1D10 /* AuthenticationService.swift in Sources */ = {isa = PBXBuildFile; fileRef = 0EF5EDCE2CF6AC58006E1D10 /* AuthenticationService.swift */; };
		0EF5EDD12CF6AC88006E1D10 /* AuthenticationViews.swift in Sources */ = {isa = PBXBuildFile; fileRef = 0EF5EDD02CF6AC88006E1D10 /* AuthenticationViews.swift */; };
		0EF5EDD32CF6CE19006E1D10 /* GoogleService-Info.plist in Resources */ = {isa = PBXBuildFile; fileRef = 0EF5EDD22CF6CE18006E1D10 /* GoogleService-Info.plist */; };
		0EF5EDD62CF6F127006E1D10 /* AuthenticationButtonView.swift in Sources */ = {isa = PBXBuildFile; fileRef = 0EF5EDD52CF6F127006E1D10 /* AuthenticationButtonView.swift */; };
		0EF5EDD82CF6F1B2006E1D10 /* DiscussionView.swift in Sources */ = {isa = PBXBuildFile; fileRef = 0EF5EDD72CF6F1B2006E1D10 /* DiscussionView.swift */; };
		0EF5EDDA2CF7A7D1006E1D10 /* CustomNavigationView.swift in Sources */ = {isa = PBXBuildFile; fileRef = 0EF5EDD92CF7A7D0006E1D10 /* CustomNavigationView.swift */; };
		0EF5EDDC2CF7A867006E1D10 /* ScrollViewOffset.swift in Sources */ = {isa = PBXBuildFile; fileRef = 0EF5EDDB2CF7A866006E1D10 /* ScrollViewOffset.swift */; };
		0EF5EDDF2CF82BBB006E1D10 /* SubmissionCoordinator.swift in Sources */ = {isa = PBXBuildFile; fileRef = 0EF5EDDE2CF82BBB006E1D10 /* SubmissionCoordinator.swift */; };
		0EF5EDE12CF82BD5006E1D10 /* SubmissionFormViews.swift in Sources */ = {isa = PBXBuildFile; fileRef = 0EF5EDE02CF82BD5006E1D10 /* SubmissionFormViews.swift */; };
		0EF5EDE32CF82D19006E1D10 /* ZinePicker.swift in Sources */ = {isa = PBXBuildFile; fileRef = 0EF5EDE22CF82D19006E1D10 /* ZinePicker.swift */; };
		0EF5EDE52CF82FEE006E1D10 /* FirebaseAnalytics in Frameworks */ = {isa = PBXBuildFile; productRef = 0EF5EDE42CF82FEE006E1D10 /* FirebaseAnalytics */; };
		0EF5EDE72CF82FEE006E1D10 /* FirebaseAuth in Frameworks */ = {isa = PBXBuildFile; productRef = 0EF5EDE62CF82FEE006E1D10 /* FirebaseAuth */; };
		0EF5EDE92CF82FEE006E1D10 /* FirebaseCore in Frameworks */ = {isa = PBXBuildFile; productRef = 0EF5EDE82CF82FEE006E1D10 /* FirebaseCore */; };
		0EF5EDEB2CF82FEE006E1D10 /* FirebaseCrashlytics in Frameworks */ = {isa = PBXBuildFile; productRef = 0EF5EDEA2CF82FEE006E1D10 /* FirebaseCrashlytics */; };
		0EF5EDED2CF82FEE006E1D10 /* FirebaseFirestore in Frameworks */ = {isa = PBXBuildFile; productRef = 0EF5EDEC2CF82FEE006E1D10 /* FirebaseFirestore */; };
		0EF5EDEF2CF82FEE006E1D10 /* FirebaseStorage in Frameworks */ = {isa = PBXBuildFile; productRef = 0EF5EDEE2CF82FEE006E1D10 /* FirebaseStorage */; };
		0EF5EDF12CF83422006E1D10 /* SubmissionModels.swift in Sources */ = {isa = PBXBuildFile; fileRef = 0EF5EDF02CF83422006E1D10 /* SubmissionModels.swift */; };
		0EF5EDF42CF9047A006E1D10 /* CelebrationComponents.swift in Sources */ = {isa = PBXBuildFile; fileRef = 0EF5EDF32CF9047A006E1D10 /* CelebrationComponents.swift */; };
/* End PBXBuildFile section */

/* Begin PBXFileReference section */
		0E69F7552CF4087B00252A27 /* Zine.swift */ = {isa = PBXFileReference; lastKnownFileType = sourcecode.swift; path = Zine.swift; sourceTree = "<group>"; };
		0E69F7572CF4093E00252A27 /* ZineService.swift */ = {isa = PBXFileReference; lastKnownFileType = sourcecode.swift; path = ZineService.swift; sourceTree = "<group>"; };
		0E69F7592CF409BF00252A27 /* ZineListView.swift */ = {isa = PBXFileReference; lastKnownFileType = sourcecode.swift; path = ZineListView.swift; sourceTree = "<group>"; };
		0EA58C7C2CF4050F00063653 /* Tell Me A Story.app */ = {isa = PBXFileReference; explicitFileType = wrapper.application; includeInIndex = 0; path = "Tell Me A Story.app"; sourceTree = BUILT_PRODUCTS_DIR; };
		0EA58C7F2CF4050F00063653 /* Tell_Me_A_StoryApp.swift */ = {isa = PBXFileReference; lastKnownFileType = sourcecode.swift; path = Tell_Me_A_StoryApp.swift; sourceTree = "<group>"; };
		0EA58C812CF4050F00063653 /* ContentView.swift */ = {isa = PBXFileReference; lastKnownFileType = sourcecode.swift; path = ContentView.swift; sourceTree = "<group>"; };
		0EA58C832CF4051600063653 /* Assets.xcassets */ = {isa = PBXFileReference; lastKnownFileType = folder.assetcatalog; path = Assets.xcassets; sourceTree = "<group>"; };
		0EA58C862CF4051600063653 /* Preview Assets.xcassets */ = {isa = PBXFileReference; lastKnownFileType = folder.assetcatalog; path = "Preview Assets.xcassets"; sourceTree = "<group>"; };
		0EAC36582CF42A0B004842B2 /* ZineDetailView.swift */ = {isa = PBXFileReference; lastKnownFileType = sourcecode.swift; path = ZineDetailView.swift; sourceTree = "<group>"; };
		0EAC365A2CF42A83004842B2 /* ImageCache.swift */ = {isa = PBXFileReference; lastKnownFileType = sourcecode.swift; path = ImageCache.swift; sourceTree = "<group>"; };
		0EAC365C2CF42AE6004842B2 /* ZineRowView.swift */ = {isa = PBXFileReference; lastKnownFileType = sourcecode.swift; path = ZineRowView.swift; sourceTree = "<group>"; };
		0EF5EDCE2CF6AC58006E1D10 /* AuthenticationService.swift */ = {isa = PBXFileReference; lastKnownFileType = sourcecode.swift; path = AuthenticationService.swift; sourceTree = "<group>"; };
		0EF5EDD02CF6AC88006E1D10 /* AuthenticationViews.swift */ = {isa = PBXFileReference; lastKnownFileType = sourcecode.swift; path = AuthenticationViews.swift; sourceTree = "<group>"; };
		0EF5EDD22CF6CE18006E1D10 /* GoogleService-Info.plist */ = {isa = PBXFileReference; fileEncoding = 4; lastKnownFileType = text.plist.xml; name = "GoogleService-Info.plist"; path = "Tell Me A Story/GoogleService-Info.plist"; sourceTree = "<group>"; };
		0EF5EDD42CF6D796006E1D10 /* Tell Me A Story.entitlements */ = {isa = PBXFileReference; lastKnownFileType = text.plist.entitlements; path = "Tell Me A Story.entitlements"; sourceTree = "<group>"; };
		0EF5EDD52CF6F127006E1D10 /* AuthenticationButtonView.swift */ = {isa = PBXFileReference; lastKnownFileType = sourcecode.swift; path = AuthenticationButtonView.swift; sourceTree = "<group>"; };
		0EF5EDD72CF6F1B2006E1D10 /* DiscussionView.swift */ = {isa = PBXFileReference; lastKnownFileType = sourcecode.swift; path = DiscussionView.swift; sourceTree = "<group>"; };
		0EF5EDD92CF7A7D0006E1D10 /* CustomNavigationView.swift */ = {isa = PBXFileReference; lastKnownFileType = sourcecode.swift; path = CustomNavigationView.swift; sourceTree = "<group>"; };
		0EF5EDDB2CF7A866006E1D10 /* ScrollViewOffset.swift */ = {isa = PBXFileReference; lastKnownFileType = sourcecode.swift; path = ScrollViewOffset.swift; sourceTree = "<group>"; };
		0EF5EDDE2CF82BBB006E1D10 /* SubmissionCoordinator.swift */ = {isa = PBXFileReference; lastKnownFileType = sourcecode.swift; path = SubmissionCoordinator.swift; sourceTree = "<group>"; };
		0EF5EDE02CF82BD5006E1D10 /* SubmissionFormViews.swift */ = {isa = PBXFileReference; lastKnownFileType = sourcecode.swift; path = SubmissionFormViews.swift; sourceTree = "<group>"; };
		0EF5EDE22CF82D19006E1D10 /* ZinePicker.swift */ = {isa = PBXFileReference; lastKnownFileType = sourcecode.swift; path = ZinePicker.swift; sourceTree = "<group>"; };
		0EF5EDF02CF83422006E1D10 /* SubmissionModels.swift */ = {isa = PBXFileReference; lastKnownFileType = sourcecode.swift; path = SubmissionModels.swift; sourceTree = "<group>"; };
		0EF5EDF32CF9047A006E1D10 /* CelebrationComponents.swift */ = {isa = PBXFileReference; lastKnownFileType = sourcecode.swift; path = CelebrationComponents.swift; sourceTree = "<group>"; };
		0EF5EDF72CFA47B9006E1D10 /* Tell-Me-A-Story-Info.plist */ = {isa = PBXFileReference; lastKnownFileType = text.plist; path = "Tell-Me-A-Story-Info.plist"; sourceTree = SOURCE_ROOT; };
/* End PBXFileReference section */

/* Begin PBXFrameworksBuildPhase section */
		0EA58C792CF4050E00063653 /* Frameworks */ = {
			isa = PBXFrameworksBuildPhase;
			buildActionMask = 2147483647;
			files = (
				0EF5EDC52CF6ABB7006E1D10 /* FirebaseAnalytics in Frameworks */,
				0EF5EDCB2CF6ABB7006E1D10 /* FirebaseCrashlytics in Frameworks */,
				0EF5EDE52CF82FEE006E1D10 /* FirebaseAnalytics in Frameworks */,
				0EF5EDED2CF82FEE006E1D10 /* FirebaseFirestore in Frameworks */,
				0EF5EDC92CF6ABB7006E1D10 /* FirebaseCore in Frameworks */,
				0EF5EDCD2CF6ABB7006E1D10 /* FirebaseFirestore in Frameworks */,
				0EF5EDE72CF82FEE006E1D10 /* FirebaseAuth in Frameworks */,
				0EF5EDEB2CF82FEE006E1D10 /* FirebaseCrashlytics in Frameworks */,
				0EF5EDEF2CF82FEE006E1D10 /* FirebaseStorage in Frameworks */,
				0EF5EDE92CF82FEE006E1D10 /* FirebaseCore in Frameworks */,
				0EF5EDC72CF6ABB7006E1D10 /* FirebaseAuth in Frameworks */,
			);
			runOnlyForDeploymentPostprocessing = 0;
		};
/* End PBXFrameworksBuildPhase section */

/* Begin PBXGroup section */
		0EA58C732CF4050E00063653 = {
			isa = PBXGroup;
			children = (
				0EF5EDD22CF6CE18006E1D10 /* GoogleService-Info.plist */,
				0EA58C7E2CF4050F00063653 /* Tell Me A Story */,
				0EA58C7D2CF4050F00063653 /* Products */,
			);
			sourceTree = "<group>";
		};
		0EA58C7D2CF4050F00063653 /* Products */ = {
			isa = PBXGroup;
			children = (
				0EA58C7C2CF4050F00063653 /* Tell Me A Story.app */,
			);
			name = Products;
			sourceTree = "<group>";
		};
		0EA58C7E2CF4050F00063653 /* Tell Me A Story */ = {
			isa = PBXGroup;
			children = (
				0EF5EDF72CFA47B9006E1D10 /* Tell-Me-A-Story-Info.plist */,
				0EF5EDD42CF6D796006E1D10 /* Tell Me A Story.entitlements */,
				0EA58C902CF406B400063653 /* Utilities */,
				0EA58C8F2CF406AC00063653 /* Services */,
				0EA58C8E2CF4069F00063653 /* Views */,
				0EA58C8D2CF4067300063653 /* Models */,
				0EA58C7F2CF4050F00063653 /* Tell_Me_A_StoryApp.swift */,
				0EA58C812CF4050F00063653 /* ContentView.swift */,
				0EA58C832CF4051600063653 /* Assets.xcassets */,
				0EA58C852CF4051600063653 /* Preview Content */,
			);
			path = "Tell Me A Story";
			sourceTree = "<group>";
		};
		0EA58C852CF4051600063653 /* Preview Content */ = {
			isa = PBXGroup;
			children = (
				0EA58C862CF4051600063653 /* Preview Assets.xcassets */,
			);
			path = "Preview Content";
			sourceTree = "<group>";
		};
		0EA58C8D2CF4067300063653 /* Models */ = {
			isa = PBXGroup;
			children = (
				0E69F7552CF4087B00252A27 /* Zine.swift */,
				0EF5EDF02CF83422006E1D10 /* SubmissionModels.swift */,
			);
			path = Models;
			sourceTree = "<group>";
		};
		0EA58C8E2CF4069F00063653 /* Views */ = {
			isa = PBXGroup;
			children = (
				0EF5EDF22CF9044D006E1D10 /* Components */,
				0EF5EDDD2CF82B7C006E1D10 /* Submissions */,
				0E69F7592CF409BF00252A27 /* ZineListView.swift */,
				0EAC36582CF42A0B004842B2 /* ZineDetailView.swift */,
				0EAC365C2CF42AE6004842B2 /* ZineRowView.swift */,
				0EF5EDD02CF6AC88006E1D10 /* AuthenticationViews.swift */,
				0EF5EDD52CF6F127006E1D10 /* AuthenticationButtonView.swift */,
				0EF5EDD72CF6F1B2006E1D10 /* DiscussionView.swift */,
				0EF5EDD92CF7A7D0006E1D10 /* CustomNavigationView.swift */,
				0EF5EDE22CF82D19006E1D10 /* ZinePicker.swift */,
			);
			path = Views;
			sourceTree = "<group>";
		};
		0EA58C8F2CF406AC00063653 /* Services */ = {
			isa = PBXGroup;
			children = (
				0E69F7572CF4093E00252A27 /* ZineService.swift */,
				0EAC365A2CF42A83004842B2 /* ImageCache.swift */,
				0EF5EDCE2CF6AC58006E1D10 /* AuthenticationService.swift */,
			);
			path = Services;
			sourceTree = "<group>";
		};
		0EA58C902CF406B400063653 /* Utilities */ = {
			isa = PBXGroup;
			children = (
				0EF5EDDB2CF7A866006E1D10 /* ScrollViewOffset.swift */,
			);
			path = Utilities;
			sourceTree = "<group>";
		};
		0EF5EDDD2CF82B7C006E1D10 /* Submissions */ = {
			isa = PBXGroup;
			children = (
				0EF5EDDE2CF82BBB006E1D10 /* SubmissionCoordinator.swift */,
				0EF5EDE02CF82BD5006E1D10 /* SubmissionFormViews.swift */,
			);
			path = Submissions;
			sourceTree = "<group>";
		};
		0EF5EDF22CF9044D006E1D10 /* Components */ = {
			isa = PBXGroup;
			children = (
				0EF5EDF32CF9047A006E1D10 /* CelebrationComponents.swift */,
			);
			path = Components;
			sourceTree = "<group>";
		};
/* End PBXGroup section */

/* Begin PBXNativeTarget section */
		0EA58C7B2CF4050E00063653 /* Tell Me A Story */ = {
			isa = PBXNativeTarget;
			buildConfigurationList = 0EA58C8A2CF4051600063653 /* Build configuration list for PBXNativeTarget "Tell Me A Story" */;
			buildPhases = (
				0EA58C782CF4050E00063653 /* Sources */,
				0EA58C792CF4050E00063653 /* Frameworks */,
				0EA58C7A2CF4050E00063653 /* Resources */,
			);
			buildRules = (
			);
			dependencies = (
			);
			name = "Tell Me A Story";
			packageProductDependencies = (
				0EF5EDC42CF6ABB7006E1D10 /* FirebaseAnalytics */,
				0EF5EDC62CF6ABB7006E1D10 /* FirebaseAuth */,
				0EF5EDC82CF6ABB7006E1D10 /* FirebaseCore */,
				0EF5EDCA2CF6ABB7006E1D10 /* FirebaseCrashlytics */,
				0EF5EDCC2CF6ABB7006E1D10 /* FirebaseFirestore */,
				0EF5EDE42CF82FEE006E1D10 /* FirebaseAnalytics */,
				0EF5EDE62CF82FEE006E1D10 /* FirebaseAuth */,
				0EF5EDE82CF82FEE006E1D10 /* FirebaseCore */,
				0EF5EDEA2CF82FEE006E1D10 /* FirebaseCrashlytics */,
				0EF5EDEC2CF82FEE006E1D10 /* FirebaseFirestore */,
				0EF5EDEE2CF82FEE006E1D10 /* FirebaseStorage */,
			);
			productName = "Tell Me A Story";
			productReference = 0EA58C7C2CF4050F00063653 /* Tell Me A Story.app */;
			productType = "com.apple.product-type.application";
		};
/* End PBXNativeTarget section */

/* Begin PBXProject section */
		0EA58C742CF4050E00063653 /* Project object */ = {
			isa = PBXProject;
			attributes = {
				BuildIndependentTargetsInParallel = 1;
				LastSwiftUpdateCheck = 1520;
				LastUpgradeCheck = 1520;
				TargetAttributes = {
					0EA58C7B2CF4050E00063653 = {
						CreatedOnToolsVersion = 15.2;
					};
				};
			};
			buildConfigurationList = 0EA58C772CF4050E00063653 /* Build configuration list for PBXProject "Tell Me A Story" */;
			compatibilityVersion = "Xcode 14.0";
			developmentRegion = en;
			hasScannedForEncodings = 0;
			knownRegions = (
				en,
				Base,
			);
			mainGroup = 0EA58C732CF4050E00063653;
			packageReferences = (
				0EF5EDC32CF6ABB7006E1D10 /* XCRemoteSwiftPackageReference "firebase-ios-sdk" */,
			);
			productRefGroup = 0EA58C7D2CF4050F00063653 /* Products */;
			projectDirPath = "";
			projectRoot = "";
			targets = (
				0EA58C7B2CF4050E00063653 /* Tell Me A Story */,
			);
		};
/* End PBXProject section */

/* Begin PBXResourcesBuildPhase section */
		0EA58C7A2CF4050E00063653 /* Resources */ = {
			isa = PBXResourcesBuildPhase;
			buildActionMask = 2147483647;
			files = (
				0EA58C872CF4051600063653 /* Preview Assets.xcassets in Resources */,
				0EA58C842CF4051600063653 /* Assets.xcassets in Resources */,
				0EF5EDD32CF6CE19006E1D10 /* GoogleService-Info.plist in Resources */,
			);
			runOnlyForDeploymentPostprocessing = 0;
		};
/* End PBXResourcesBuildPhase section */

/* Begin PBXSourcesBuildPhase section */
		0EA58C782CF4050E00063653 /* Sources */ = {
			isa = PBXSourcesBuildPhase;
			buildActionMask = 2147483647;
			files = (
				0EF5EDD62CF6F127006E1D10 /* AuthenticationButtonView.swift in Sources */,
				0EF5EDD12CF6AC88006E1D10 /* AuthenticationViews.swift in Sources */,
				0EF5EDE12CF82BD5006E1D10 /* SubmissionFormViews.swift in Sources */,
				0EA58C822CF4050F00063653 /* ContentView.swift in Sources */,
				0EAC36592CF42A0B004842B2 /* ZineDetailView.swift in Sources */,
				0E69F75A2CF409BF00252A27 /* ZineListView.swift in Sources */,
				0EF5EDCF2CF6AC58006E1D10 /* AuthenticationService.swift in Sources */,
				0EF5EDF42CF9047A006E1D10 /* CelebrationComponents.swift in Sources */,
				0EF5EDDC2CF7A867006E1D10 /* ScrollViewOffset.swift in Sources */,
				0E69F7562CF4087B00252A27 /* Zine.swift in Sources */,
				0EF5EDDA2CF7A7D1006E1D10 /* CustomNavigationView.swift in Sources */,
				0EA58C802CF4050F00063653 /* Tell_Me_A_StoryApp.swift in Sources */,
				0EAC365D2CF42AE6004842B2 /* ZineRowView.swift in Sources */,
				0EAC365B2CF42A83004842B2 /* ImageCache.swift in Sources */,
				0EF5EDF12CF83422006E1D10 /* SubmissionModels.swift in Sources */,
				0EF5EDD82CF6F1B2006E1D10 /* DiscussionView.swift in Sources */,
				0E69F7582CF4093E00252A27 /* ZineService.swift in Sources */,
				0EF5EDE32CF82D19006E1D10 /* ZinePicker.swift in Sources */,
				0EF5EDDF2CF82BBB006E1D10 /* SubmissionCoordinator.swift in Sources */,
			);
			runOnlyForDeploymentPostprocessing = 0;
		};
/* End PBXSourcesBuildPhase section */

/* Begin XCBuildConfiguration section */
		0EA58C882CF4051600063653 /* Debug */ = {
			isa = XCBuildConfiguration;
			buildSettings = {
				ALWAYS_SEARCH_USER_PATHS = NO;
				ASSETCATALOG_COMPILER_GENERATE_SWIFT_ASSET_SYMBOL_EXTENSIONS = YES;
				CLANG_ANALYZER_NONNULL = YES;
				CLANG_ANALYZER_NUMBER_OBJECT_CONVERSION = YES_AGGRESSIVE;
				CLANG_CXX_LANGUAGE_STANDARD = "gnu++20";
				CLANG_ENABLE_MODULES = YES;
				CLANG_ENABLE_OBJC_ARC = YES;
				CLANG_ENABLE_OBJC_WEAK = YES;
				CLANG_WARN_BLOCK_CAPTURE_AUTORELEASING = YES;
				CLANG_WARN_BOOL_CONVERSION = YES;
				CLANG_WARN_COMMA = YES;
				CLANG_WARN_CONSTANT_CONVERSION = YES;
				CLANG_WARN_DEPRECATED_OBJC_IMPLEMENTATIONS = YES;
				CLANG_WARN_DIRECT_OBJC_ISA_USAGE = YES_ERROR;
				CLANG_WARN_DOCUMENTATION_COMMENTS = YES;
				CLANG_WARN_EMPTY_BODY = YES;
				CLANG_WARN_ENUM_CONVERSION = YES;
				CLANG_WARN_INFINITE_RECURSION = YES;
				CLANG_WARN_INT_CONVERSION = YES;
				CLANG_WARN_NON_LITERAL_NULL_CONVERSION = YES;
				CLANG_WARN_OBJC_IMPLICIT_RETAIN_SELF = YES;
				CLANG_WARN_OBJC_LITERAL_CONVERSION = YES;
				CLANG_WARN_OBJC_ROOT_CLASS = YES_ERROR;
				CLANG_WARN_QUOTED_INCLUDE_IN_FRAMEWORK_HEADER = YES;
				CLANG_WARN_RANGE_LOOP_ANALYSIS = YES;
				CLANG_WARN_STRICT_PROTOTYPES = YES;
				CLANG_WARN_SUSPICIOUS_MOVE = YES;
				CLANG_WARN_UNGUARDED_AVAILABILITY = YES_AGGRESSIVE;
				CLANG_WARN_UNREACHABLE_CODE = YES;
				CLANG_WARN__DUPLICATE_METHOD_MATCH = YES;
				COPY_PHASE_STRIP = NO;
				DEBUG_INFORMATION_FORMAT = dwarf;
				ENABLE_STRICT_OBJC_MSGSEND = YES;
				ENABLE_TESTABILITY = YES;
				ENABLE_USER_SCRIPT_SANDBOXING = YES;
				GCC_C_LANGUAGE_STANDARD = gnu17;
				GCC_DYNAMIC_NO_PIC = NO;
				GCC_NO_COMMON_BLOCKS = YES;
				GCC_OPTIMIZATION_LEVEL = 0;
				GCC_PREPROCESSOR_DEFINITIONS = (
					"DEBUG=1",
					"$(inherited)",
				);
				GCC_WARN_64_TO_32_BIT_CONVERSION = YES;
				GCC_WARN_ABOUT_RETURN_TYPE = YES_ERROR;
				GCC_WARN_UNDECLARED_SELECTOR = YES;
				GCC_WARN_UNINITIALIZED_AUTOS = YES_AGGRESSIVE;
				GCC_WARN_UNUSED_FUNCTION = YES;
				GCC_WARN_UNUSED_VARIABLE = YES;
				IPHONEOS_DEPLOYMENT_TARGET = 17.2;
				LOCALIZATION_PREFERS_STRING_CATALOGS = YES;
				MTL_ENABLE_DEBUG_INFO = INCLUDE_SOURCE;
				MTL_FAST_MATH = YES;
				ONLY_ACTIVE_ARCH = YES;
				SDKROOT = iphoneos;
				SWIFT_ACTIVE_COMPILATION_CONDITIONS = "DEBUG $(inherited)";
				SWIFT_OPTIMIZATION_LEVEL = "-Onone";
			};
			name = Debug;
		};
		0EA58C892CF4051600063653 /* Release */ = {
			isa = XCBuildConfiguration;
			buildSettings = {
				ALWAYS_SEARCH_USER_PATHS = NO;
				ASSETCATALOG_COMPILER_GENERATE_SWIFT_ASSET_SYMBOL_EXTENSIONS = YES;
				CLANG_ANALYZER_NONNULL = YES;
				CLANG_ANALYZER_NUMBER_OBJECT_CONVERSION = YES_AGGRESSIVE;
				CLANG_CXX_LANGUAGE_STANDARD = "gnu++20";
				CLANG_ENABLE_MODULES = YES;
				CLANG_ENABLE_OBJC_ARC = YES;
				CLANG_ENABLE_OBJC_WEAK = YES;
				CLANG_WARN_BLOCK_CAPTURE_AUTORELEASING = YES;
				CLANG_WARN_BOOL_CONVERSION = YES;
				CLANG_WARN_COMMA = YES;
				CLANG_WARN_CONSTANT_CONVERSION = YES;
				CLANG_WARN_DEPRECATED_OBJC_IMPLEMENTATIONS = YES;
				CLANG_WARN_DIRECT_OBJC_ISA_USAGE = YES_ERROR;
				CLANG_WARN_DOCUMENTATION_COMMENTS = YES;
				CLANG_WARN_EMPTY_BODY = YES;
				CLANG_WARN_ENUM_CONVERSION = YES;
				CLANG_WARN_INFINITE_RECURSION = YES;
				CLANG_WARN_INT_CONVERSION = YES;
				CLANG_WARN_NON_LITERAL_NULL_CONVERSION = YES;
				CLANG_WARN_OBJC_IMPLICIT_RETAIN_SELF = YES;
				CLANG_WARN_OBJC_LITERAL_CONVERSION = YES;
				CLANG_WARN_OBJC_ROOT_CLASS = YES_ERROR;
				CLANG_WARN_QUOTED_INCLUDE_IN_FRAMEWORK_HEADER = YES;
				CLANG_WARN_RANGE_LOOP_ANALYSIS = YES;
				CLANG_WARN_STRICT_PROTOTYPES = YES;
				CLANG_WARN_SUSPICIOUS_MOVE = YES;
				CLANG_WARN_UNGUARDED_AVAILABILITY = YES_AGGRESSIVE;
				CLANG_WARN_UNREACHABLE_CODE = YES;
				CLANG_WARN__DUPLICATE_METHOD_MATCH = YES;
				COPY_PHASE_STRIP = NO;
				DEBUG_INFORMATION_FORMAT = "dwarf-with-dsym";
				ENABLE_NS_ASSERTIONS = NO;
				ENABLE_STRICT_OBJC_MSGSEND = YES;
				ENABLE_USER_SCRIPT_SANDBOXING = YES;
				GCC_C_LANGUAGE_STANDARD = gnu17;
				GCC_NO_COMMON_BLOCKS = YES;
				GCC_WARN_64_TO_32_BIT_CONVERSION = YES;
				GCC_WARN_ABOUT_RETURN_TYPE = YES_ERROR;
				GCC_WARN_UNDECLARED_SELECTOR = YES;
				GCC_WARN_UNINITIALIZED_AUTOS = YES_AGGRESSIVE;
				GCC_WARN_UNUSED_FUNCTION = YES;
				GCC_WARN_UNUSED_VARIABLE = YES;
				IPHONEOS_DEPLOYMENT_TARGET = 17.2;
				LOCALIZATION_PREFERS_STRING_CATALOGS = YES;
				MTL_ENABLE_DEBUG_INFO = NO;
				MTL_FAST_MATH = YES;
				SDKROOT = iphoneos;
				SWIFT_COMPILATION_MODE = wholemodule;
				VALIDATE_PRODUCT = YES;
			};
			name = Release;
		};
		0EA58C8B2CF4051600063653 /* Debug */ = {
			isa = XCBuildConfiguration;
			buildSettings = {
				ASSETCATALOG_COMPILER_APPICON_NAME = AppIcon;
				ASSETCATALOG_COMPILER_GLOBAL_ACCENT_COLOR_NAME = AccentColor;
				CODE_SIGN_ENTITLEMENTS = "Tell Me A Story/Tell Me A Story.entitlements";
				CODE_SIGN_STYLE = Automatic;
				CURRENT_PROJECT_VERSION = 1;
				DEVELOPMENT_ASSET_PATHS = "\"Tell Me A Story/Preview Content\"";
				DEVELOPMENT_TEAM = 23FCT7483X;
				ENABLE_PREVIEWS = YES;
				GENERATE_INFOPLIST_FILE = YES;
				INFOPLIST_FILE = "Tell-Me-A-Story-Info.plist";
				INFOPLIST_KEY_UIApplicationSceneManifest_Generation = YES;
				INFOPLIST_KEY_UIApplicationSupportsIndirectInputEvents = YES;
				INFOPLIST_KEY_UILaunchScreen_Generation = YES;
				INFOPLIST_KEY_UISupportedInterfaceOrientations_iPad = "UIInterfaceOrientationPortrait UIInterfaceOrientationPortraitUpsideDown UIInterfaceOrientationLandscapeLeft UIInterfaceOrientationLandscapeRight";
				INFOPLIST_KEY_UISupportedInterfaceOrientations_iPhone = "UIInterfaceOrientationPortrait UIInterfaceOrientationLandscapeLeft UIInterfaceOrientationLandscapeRight";
				LD_RUNPATH_SEARCH_PATHS = (
					"$(inherited)",
					"@executable_path/Frameworks",
				);
				MARKETING_VERSION = 1.0;
				PRODUCT_BUNDLE_IDENTIFIER = com.jbw004.tellmeastory;
				PRODUCT_NAME = "$(TARGET_NAME)";
				SWIFT_EMIT_LOC_STRINGS = YES;
				SWIFT_VERSION = 5.0;
				TARGETED_DEVICE_FAMILY = "1,2";
			};
			name = Debug;
		};
		0EA58C8C2CF4051600063653 /* Release */ = {
			isa = XCBuildConfiguration;
			buildSettings = {
				ASSETCATALOG_COMPILER_APPICON_NAME = AppIcon;
				ASSETCATALOG_COMPILER_GLOBAL_ACCENT_COLOR_NAME = AccentColor;
				CODE_SIGN_ENTITLEMENTS = "Tell Me A Story/Tell Me A Story.entitlements";
				CODE_SIGN_STYLE = Automatic;
				CURRENT_PROJECT_VERSION = 1;
				DEVELOPMENT_ASSET_PATHS = "\"Tell Me A Story/Preview Content\"";
				DEVELOPMENT_TEAM = 23FCT7483X;
				ENABLE_PREVIEWS = YES;
				GENERATE_INFOPLIST_FILE = YES;
				INFOPLIST_FILE = "Tell-Me-A-Story-Info.plist";
				INFOPLIST_KEY_UIApplicationSceneManifest_Generation = YES;
				INFOPLIST_KEY_UIApplicationSupportsIndirectInputEvents = YES;
				INFOPLIST_KEY_UILaunchScreen_Generation = YES;
				INFOPLIST_KEY_UISupportedInterfaceOrientations_iPad = "UIInterfaceOrientationPortrait UIInterfaceOrientationPortraitUpsideDown UIInterfaceOrientationLandscapeLeft UIInterfaceOrientationLandscapeRight";
				INFOPLIST_KEY_UISupportedInterfaceOrientations_iPhone = "UIInterfaceOrientationPortrait UIInterfaceOrientationLandscapeLeft UIInterfaceOrientationLandscapeRight";
				LD_RUNPATH_SEARCH_PATHS = (
					"$(inherited)",
					"@executable_path/Frameworks",
				);
				MARKETING_VERSION = 1.0;
				PRODUCT_BUNDLE_IDENTIFIER = com.jbw004.tellmeastory;
				PRODUCT_NAME = "$(TARGET_NAME)";
				SWIFT_EMIT_LOC_STRINGS = YES;
				SWIFT_VERSION = 5.0;
				TARGETED_DEVICE_FAMILY = "1,2";
			};
			name = Release;
		};
/* End XCBuildConfiguration section */

/* Begin XCConfigurationList section */
		0EA58C772CF4050E00063653 /* Build configuration list for PBXProject "Tell Me A Story" */ = {
			isa = XCConfigurationList;
			buildConfigurations = (
				0EA58C882CF4051600063653 /* Debug */,
				0EA58C892CF4051600063653 /* Release */,
			);
			defaultConfigurationIsVisible = 0;
			defaultConfigurationName = Release;
		};
		0EA58C8A2CF4051600063653 /* Build configuration list for PBXNativeTarget "Tell Me A Story" */ = {
			isa = XCConfigurationList;
			buildConfigurations = (
				0EA58C8B2CF4051600063653 /* Debug */,
				0EA58C8C2CF4051600063653 /* Release */,
			);
			defaultConfigurationIsVisible = 0;
			defaultConfigurationName = Release;
		};
/* End XCConfigurationList section */

/* Begin XCRemoteSwiftPackageReference section */
		0EF5EDC32CF6ABB7006E1D10 /* XCRemoteSwiftPackageReference "firebase-ios-sdk" */ = {
			isa = XCRemoteSwiftPackageReference;
			repositoryURL = "https://github.com/firebase/firebase-ios-sdk";
			requirement = {
				kind = upToNextMajorVersion;
				minimumVersion = 11.5.0;
			};
		};
/* End XCRemoteSwiftPackageReference section */

/* Begin XCSwiftPackageProductDependency section */
		0EF5EDC42CF6ABB7006E1D10 /* FirebaseAnalytics */ = {
			isa = XCSwiftPackageProductDependency;
			package = 0EF5EDC32CF6ABB7006E1D10 /* XCRemoteSwiftPackageReference "firebase-ios-sdk" */;
			productName = FirebaseAnalytics;
		};
		0EF5EDC62CF6ABB7006E1D10 /* FirebaseAuth */ = {
			isa = XCSwiftPackageProductDependency;
			package = 0EF5EDC32CF6ABB7006E1D10 /* XCRemoteSwiftPackageReference "firebase-ios-sdk" */;
			productName = FirebaseAuth;
		};
		0EF5EDC82CF6ABB7006E1D10 /* FirebaseCore */ = {
			isa = XCSwiftPackageProductDependency;
			package = 0EF5EDC32CF6ABB7006E1D10 /* XCRemoteSwiftPackageReference "firebase-ios-sdk" */;
			productName = FirebaseCore;
		};
		0EF5EDCA2CF6ABB7006E1D10 /* FirebaseCrashlytics */ = {
			isa = XCSwiftPackageProductDependency;
			package = 0EF5EDC32CF6ABB7006E1D10 /* XCRemoteSwiftPackageReference "firebase-ios-sdk" */;
			productName = FirebaseCrashlytics;
		};
		0EF5EDCC2CF6ABB7006E1D10 /* FirebaseFirestore */ = {
			isa = XCSwiftPackageProductDependency;
			package = 0EF5EDC32CF6ABB7006E1D10 /* XCRemoteSwiftPackageReference "firebase-ios-sdk" */;
			productName = FirebaseFirestore;
		};
		0EF5EDE42CF82FEE006E1D10 /* FirebaseAnalytics */ = {
			isa = XCSwiftPackageProductDependency;
			package = 0EF5EDC32CF6ABB7006E1D10 /* XCRemoteSwiftPackageReference "firebase-ios-sdk" */;
			productName = FirebaseAnalytics;
		};
		0EF5EDE62CF82FEE006E1D10 /* FirebaseAuth */ = {
			isa = XCSwiftPackageProductDependency;
			package = 0EF5EDC32CF6ABB7006E1D10 /* XCRemoteSwiftPackageReference "firebase-ios-sdk" */;
			productName = FirebaseAuth;
		};
		0EF5EDE82CF82FEE006E1D10 /* FirebaseCore */ = {
			isa = XCSwiftPackageProductDependency;
			package = 0EF5EDC32CF6ABB7006E1D10 /* XCRemoteSwiftPackageReference "firebase-ios-sdk" */;
			productName = FirebaseCore;
		};
		0EF5EDEA2CF82FEE006E1D10 /* FirebaseCrashlytics */ = {
			isa = XCSwiftPackageProductDependency;
			package = 0EF5EDC32CF6ABB7006E1D10 /* XCRemoteSwiftPackageReference "firebase-ios-sdk" */;
			productName = FirebaseCrashlytics;
		};
		0EF5EDEC2CF82FEE006E1D10 /* FirebaseFirestore */ = {
			isa = XCSwiftPackageProductDependency;
			package = 0EF5EDC32CF6ABB7006E1D10 /* XCRemoteSwiftPackageReference "firebase-ios-sdk" */;
			productName = FirebaseFirestore;
		};
		0EF5EDEE2CF82FEE006E1D10 /* FirebaseStorage */ = {
			isa = XCSwiftPackageProductDependency;
			package = 0EF5EDC32CF6ABB7006E1D10 /* XCRemoteSwiftPackageReference "firebase-ios-sdk" */;
			productName = FirebaseStorage;
		};
/* End XCSwiftPackageProductDependency section */
	};
	rootObject = 0EA58C742CF4050E00063653 /* Project object */;
}
